# THIS IS AN AUTOGENERATED FILE. DO NOT EDIT THIS FILE DIRECTLY.
# yarn lockfile v1


beautify-benchmark@^0.2.4:
  version "0.2.4"
  resolved "https://registry.yarnpkg.com/beautify-benchmark/-/beautify-benchmark-0.2.4.tgz#3151def14c1a2e0d07ff2e476861c7ed0e1ae39b"

benchmark@^2.1.3:
  version "2.1.3"
  resolved "https://registry.yarnpkg.com/benchmark/-/benchmark-2.1.3.tgz#e10e40e4d53d0e1c9d77a834fde593994dca7f0c"
  dependencies:
    lodash "^4.17.3"
    platform "^1.3.3"

bindings@1.2.x:
  version "1.2.1"
  resolved "https://registry.yarnpkg.com/bindings/-/bindings-1.2.1.tgz#14ad6113812d2d37d72e67b4cacb4bb726505f11"

js-search@^1.3.5:
  version "1.3.5"
  resolved "https://registry.yarnpkg.com/js-search/-/js-search-1.3.5.tgz#b489c05aabc4b22cdb75484fe75ac49fa94feff2"

lodash@^4.17.3, lodash@^4.17.4:
  version "4.17.4"
  resolved "https://registry.yarnpkg.com/lodash/-/lodash-4.17.4.tgz#78203a4d1c328ae1d86dca6460e369b57f4055ae"

lunr@^0.7.2:
  version "0.7.2"
  resolved "https://registry.yarnpkg.com/lunr/-/lunr-0.7.2.tgz#79a30e932e216cba163541ee37a3607c12cd7281"

microtime@^2.1.2:
  version "2.1.2"
  resolved "https://registry.yarnpkg.com/microtime/-/microtime-2.1.2.tgz#9c955d0781961ab13a1b6f9a82b080f5d7ecd83b"
  dependencies:
    bindings "1.2.x"
    nan "2.4.x"

nan@2.4.x:
  version "2.4.0"
  resolved "https://registry.yarnpkg.com/nan/-/nan-2.4.0.tgz#fb3c59d45fe4effe215f0b890f8adf6eb32d2232"

platform@^1.3.3:
  version "1.3.3"
  resolved "https://registry.yarnpkg.com/platform/-/platform-1.3.3.tgz#646c77011899870b6a0903e75e997e8e51da7461"
